{
  "agent_id": "fe_claude_support_001_n7k4",
  "timestamp": "2025-09-06T18:15:00Z",
  "planned_scope": {
    "files": [
      "src/routes/login/+page.svelte",
      "src/routes/register/+page.svelte",
      "src/routes/profile/+page.svelte",
      "src/lib/components/AuthForm.svelte",
      "src/lib/stores/auth.ts"
    ],
    "features": [
      "Login UI with email/password validation",
      "Registration form with security requirements",
      "User profile editing interface", 
      "Form validation with error handling",
      "Session management integration",
      "Integration with backend authentication API"
    ],
    "estimated_duration": "300"
  },
  "status": "planning",
  "task_id": "FE_2025_09_06_001",
  "workspace": "/tmp/agent_workspaces/fe_claude_support_001_n7k4",
  "ports": {
    "app": 6820,
    "api": 6823, 
    "db": 6821
  }
}