{
  "agent_id": "gd_claude_001_v8k3",
  "timestamp": "2025-09-06T11:50:00Z",
  "planned_scope": {
    "files": ["coordination/VISUAL_STYLE_GUIDE.md", "assets/", "coordination/agent_output/GD_TASKS.md"],
    "features": ["visual identity design", "brand guidelines", "design asset creation"],
    "estimated_duration": "180 minutes"
  },
  "status": "paused_pending_human_input"
}