{
  "agent_id": "ld_claude_002_w9k5",
  "timestamp": "2025-09-06T12:05:00Z",
  "planned_scope": {
    "files": [
      "coordination/agent_output/FORUM.md",
      "coordination/agent_output/BLOCKERS.md", 
      "coordination/TECHNICAL_STANDARDS.md",
      "coordination/agent_output/DEVELOPMENT_ENVIRONMENT_SETUP.md",
      "coordination/CODE_REVIEW_CHECKLIST.md",
      "coordination/agent_output/LEAD_REPORT.md"
    ],
    "features": [
      "Technical leadership and unblocking development",
      "Product clarification priority analysis",
      "Minimal project structure creation",
      "Development standards establishment"
    ],
    "estimated_duration": "180 minutes"
  },
  "status": "implementing"
}