{
  "agent_id": "qa_claude_integration_003_b7k4",
  "timestamp": "2025-09-06T18:55:00Z",
  "planned_scope": {
    "files": [
      "Backend component validation",
      "Integration testing setup",
      "QA validation reports"
    ],
    "features": [
      "Validate BE_2025_09_06_004 - Monitor CRUD API",
      "Validate BE_2025_09_06_005 - Monitor Evaluation Engine",
      "Cross-component integration testing",
      "Production readiness assessment"
    ],
    "estimated_duration": "300 minutes"
  },
  "status": "planning",
  "focus": "Backend Integration QA for completed components marked as 'needs_qa'"
}