{
  "agent_id": "qa_claude_001_9m5k",
  "timestamp": "2025-09-06T11:20:00Z",
  "planned_scope": {
    "files": ["coordination/agent_output/QA_TASKS.md", "test framework setup"],
    "features": ["QA environment setup", "testing framework initialization"],
    "estimated_duration": "120 minutes"
  },
  "status": "setting_up"
}