{
  "agent_id": "sa_claude_001_p7k2",
  "timestamp": "2025-09-06T11:10:00Z",
  "planned_scope": {
    "files": ["coordination/agent_output/SYSTEM_ARCHITECTURE.md", "coordination/agent_output/IMPLEMENTATION_PLAN.md", "coordination/agent_output/BE_TASKS.md", "coordination/agent_output/FE_TASKS.md", "coordination/agent_output/AI_TASKS.md", "coordination/agent_output/UX_TASKS.md", "coordination/agent_output/GD_TASKS.md", "coordination/agent_output/QA_TASKS.md", ".nvmrc"],
    "features": ["System architecture design", "Database schema design", "API architecture", "AI integration architecture", "Development task distribution"],
    "estimated_duration": "180 minutes"
  },
  "status": "waiting_for_dependencies"
}