{
  "agent_id": "ux_claude_001_m4n8",
  "timestamp": "2025-09-06T11:35:00Z",
  "planned_scope": {
    "files": [
      "coordination/UX_INTERFACE_SPECIFICATIONS.md",
      "coordination/agent_locks/ux_claude_001_m4n8_setup.lock"
    ],
    "features": [
      "Wait for dependency documents to be completed",
      "Study technical standards and implementation plan",
      "Create comprehensive UX interface specifications"
    ],
    "estimated_duration": "180 minutes"
  },
  "status": "waiting_for_dependencies"
}